
Microsoft Visual Studio Solution File, Format Version 12.00
# Visual Studio Version 17
VisualStudioVersion = 17.3.32922.545
MinimumVisualStudioVersion = 10.0.40219.1
Project("{FAE04EC0-301F-11D3-BF4B-00C04F79EFBC}") = "HolaMundo", "HolaMundo\HolaMundo.csproj", "{62B299F3-C956-4812-AD03-D50A6A1CD7D5}"
EndProject
Project("{FAE04EC0-301F-11D3-BF4B-00C04F79EFBC}") = "TestHolaMundo", "TestHolaMundo\TestHolaMundo.csproj", "{539E4BD5-ED51-4CEE-8750-49672C26EAC3}"
EndProject
Global
	GlobalSection(SolutionConfigurationPlatforms) = preSolution
		Debug|Any CPU = Debug|Any CPU
		Release|Any CPU = Release|Any CPU
	EndGlobalSection
	GlobalSection(ProjectConfigurationPlatforms) = postSolution
		{62B299F3-C956-4812-AD03-D50A6A1CD7D5}.Debug|Any CPU.ActiveCfg = Debug|Any CPU
		{62B299F3-C956-4812-AD03-D50A6A1CD7D5}.Debug|Any CPU.Build.0 = Debug|Any CPU
		{62B299F3-C956-4812-AD03-D50A6A1CD7D5}.Release|Any CPU.ActiveCfg = Release|Any CPU
		{62B299F3-C956-4812-AD03-D50A6A1CD7D5}.Release|Any CPU.Build.0 = Release|Any CPU
		{539E4BD5-ED51-4CEE-8750-49672C26EAC3}.Debug|Any CPU.ActiveCfg = Debug|Any CPU
		{539E4BD5-ED51-4CEE-8750-49672C26EAC3}.Debug|Any CPU.Build.0 = Debug|Any CPU
		{539E4BD5-ED51-4CEE-8750-49672C26EAC3}.Release|Any CPU.ActiveCfg = Release|Any CPU
		{539E4BD5-ED51-4CEE-8750-49672C26EAC3}.Release|Any CPU.Build.0 = Release|Any CPU
	EndGlobalSection
	GlobalSection(SolutionProperties) = preSolution
		HideSolutionNode = FALSE
	EndGlobalSection
	GlobalSection(ExtensibilityGlobals) = postSolution
		SolutionGuid = {D60EFA1A-2FFE-47E1-98F4-C2096DA2B047}
	EndGlobalSection
EndGlobal
